
Microsoft Visual Studio Solution File, Format Version 12.00
# Visual Studio Version 16
VisualStudioVersion = 16.0.30517.126
MinimumVisualStudioVersion = 10.0.40219.1
Project("{FAE04EC0-301F-11D3-BF4B-00C04F79EFBC}") = "V2 Colorful", "V2 Colorful.csproj", "{D8AFB961-8939-4D70-AB0E-413D17F0EA7C}"
EndProject
Global
	GlobalSection(SolutionConfigurationPlatforms) = preSolution
		Debug|Any CPU = Debug|Any CPU
		Release|Any CPU = Release|Any CPU
	EndGlobalSection
	GlobalSection(ProjectConfigurationPlatforms) = postSolution
		{D8AFB961-8939-4D70-AB0E-413D17F0EA7C}.Debug|Any CPU.ActiveCfg = Debug|Any CPU
		{D8AFB961-8939-4D70-AB0E-413D17F0EA7C}.Debug|Any CPU.Build.0 = Debug|Any CPU
		{D8AFB961-8939-4D70-AB0E-413D17F0EA7C}.Release|Any CPU.ActiveCfg = Release|Any CPU
		{D8AFB961-8939-4D70-AB0E-413D17F0EA7C}.Release|Any CPU.Build.0 = Release|Any CPU
	EndGlobalSection
	GlobalSection(SolutionProperties) = preSolution
		HideSolutionNode = FALSE
	EndGlobalSection
	GlobalSection(ExtensibilityGlobals) = postSolution
		SolutionGuid = {659810C6-1CF7-4599-9CFF-B6CC33F7312D}
	EndGlobalSection
EndGlobal
